// !$*UTF8*$!
{
	archiveVersion = 1;
	classes = {
	};
	objectVersion = 51;
	objects = {

/* Begin PBXBuildFile section */
		7BB926EDFABD6B0F16ECA3C2 /* Pods_BQMarvelBattle.framework in Frameworks */ = {isa = PBXBuildFile; fileRef = 6E0FDD6B1A4780336B9CEC88 /* Pods_BQMarvelBattle.framework */; };
		C10D2797246811910016BDC2 /* Character.swift in Sources */ = {isa = PBXBuildFile; fileRef = C10D2796246811910016BDC2 /* Character.swift */; };
		C10D279A246814910016BDC2 /* StackViewExtension.swift in Sources */ = {isa = PBXBuildFile; fileRef = C10D2799246814910016BDC2 /* StackViewExtension.swift */; };
		C10D279E2468211D0016BDC2 /* Constants.swift in Sources */ = {isa = PBXBuildFile; fileRef = C10D279D2468211C0016BDC2 /* Constants.swift */; };
		C14694F7246BCD9B00602E03 /* ReadyToBattlePopUpView.swift in Sources */ = {isa = PBXBuildFile; fileRef = C14694F5246BCD9B00602E03 /* ReadyToBattlePopUpView.swift */; };
		C14694F8246BCD9B00602E03 /* ReadyToBattlePopUpView.xib in Resources */ = {isa = PBXBuildFile; fileRef = C14694F6246BCD9B00602E03 /* ReadyToBattlePopUpView.xib */; };
		C1469689246C1EA300602E03 /* RoundedButton.swift in Sources */ = {isa = PBXBuildFile; fileRef = C1469688246C1EA300602E03 /* RoundedButton.swift */; };
		C146968B246C3F7C00602E03 /* SearchCharacteresViewController+Delegates.swift in Sources */ = {isa = PBXBuildFile; fileRef = C146968A246C3F7C00602E03 /* SearchCharacteresViewController+Delegates.swift */; };
		C146968D246C609E00602E03 /* BattleArenaViewConroller+Delegates.swift in Sources */ = {isa = PBXBuildFile; fileRef = C146968C246C609E00602E03 /* BattleArenaViewConroller+Delegates.swift */; };
		C179CFCC2465DCBB00B6AE62 /* AppDelegate.swift in Sources */ = {isa = PBXBuildFile; fileRef = C179CFCB2465DCBB00B6AE62 /* AppDelegate.swift */; };
		C179CFCE2465DCBB00B6AE62 /* SceneDelegate.swift in Sources */ = {isa = PBXBuildFile; fileRef = C179CFCD2465DCBB00B6AE62 /* SceneDelegate.swift */; };
		C179CFD02465DCBB00B6AE62 /* ViewController.swift in Sources */ = {isa = PBXBuildFile; fileRef = C179CFCF2465DCBB00B6AE62 /* ViewController.swift */; };
		C179CFD52465DCBC00B6AE62 /* Assets.xcassets in Resources */ = {isa = PBXBuildFile; fileRef = C179CFD42465DCBC00B6AE62 /* Assets.xcassets */; };
		C179CFD82465DCBC00B6AE62 /* LaunchScreen.storyboard in Resources */ = {isa = PBXBuildFile; fileRef = C179CFD62465DCBC00B6AE62 /* LaunchScreen.storyboard */; };
		C17F5A592469B52500049729 /* DictionaryExtension.swift in Sources */ = {isa = PBXBuildFile; fileRef = C17F5A582469B52500049729 /* DictionaryExtension.swift */; };
		C17F5A5C2469B5E700049729 /* ItemsTableViewDatasource.swift in Sources */ = {isa = PBXBuildFile; fileRef = C17F5A5B2469B5E700049729 /* ItemsTableViewDatasource.swift */; };
		C17F5A5F2469B6A100049729 /* SearchCharacterDatasource.swift in Sources */ = {isa = PBXBuildFile; fileRef = C17F5A5E2469B6A100049729 /* SearchCharacterDatasource.swift */; };
		C1AA8D7A2466B4EE00E9B7FC /* BattleArenaPresenter.swift in Sources */ = {isa = PBXBuildFile; fileRef = C1AA8D742466B4EE00E9B7FC /* BattleArenaPresenter.swift */; };
		C1AA8D7C2466B4EE00E9B7FC /* BattleArenaRouter.swift in Sources */ = {isa = PBXBuildFile; fileRef = C1AA8D762466B4EE00E9B7FC /* BattleArenaRouter.swift */; };
		C1AA8D7D2466B4EE00E9B7FC /* BattleArenaModels.swift in Sources */ = {isa = PBXBuildFile; fileRef = C1AA8D772466B4EE00E9B7FC /* BattleArenaModels.swift */; };
		C1AA8D7E2466B4EE00E9B7FC /* BattleArenaViewController.swift in Sources */ = {isa = PBXBuildFile; fileRef = C1AA8D782466B4EE00E9B7FC /* BattleArenaViewController.swift */; };
		C1AA8D7F2466B4EE00E9B7FC /* BattleArenaInteractor.swift in Sources */ = {isa = PBXBuildFile; fileRef = C1AA8D792466B4EE00E9B7FC /* BattleArenaInteractor.swift */; };
		C1AA8D872466B5F400E9B7FC /* SearchCharactersPresenter.swift in Sources */ = {isa = PBXBuildFile; fileRef = C1AA8D812466B5F400E9B7FC /* SearchCharactersPresenter.swift */; };
		C1AA8D892466B5F400E9B7FC /* SearchCharactersRouter.swift in Sources */ = {isa = PBXBuildFile; fileRef = C1AA8D832466B5F400E9B7FC /* SearchCharactersRouter.swift */; };
		C1AA8D8A2466B5F400E9B7FC /* SearchCharactersModels.swift in Sources */ = {isa = PBXBuildFile; fileRef = C1AA8D842466B5F400E9B7FC /* SearchCharactersModels.swift */; };
		C1AA8D8B2466B5F400E9B7FC /* SearchCharactersViewController.swift in Sources */ = {isa = PBXBuildFile; fileRef = C1AA8D852466B5F400E9B7FC /* SearchCharactersViewController.swift */; };
		C1AA8D8C2466B5F400E9B7FC /* SearchCharactersInteractor.swift in Sources */ = {isa = PBXBuildFile; fileRef = C1AA8D862466B5F400E9B7FC /* SearchCharactersInteractor.swift */; };
		C1AA8D942466B64000E9B7FC /* RankingsPresenter.swift in Sources */ = {isa = PBXBuildFile; fileRef = C1AA8D8E2466B64000E9B7FC /* RankingsPresenter.swift */; };
		C1AA8D952466B64000E9B7FC /* RankingsWorker.swift in Sources */ = {isa = PBXBuildFile; fileRef = C1AA8D8F2466B64000E9B7FC /* RankingsWorker.swift */; };
		C1AA8D962466B64000E9B7FC /* RankingsRouter.swift in Sources */ = {isa = PBXBuildFile; fileRef = C1AA8D902466B64000E9B7FC /* RankingsRouter.swift */; };
		C1AA8D972466B64000E9B7FC /* RankingsModels.swift in Sources */ = {isa = PBXBuildFile; fileRef = C1AA8D912466B64000E9B7FC /* RankingsModels.swift */; };
		C1AA8D982466B64000E9B7FC /* RankingsViewController.swift in Sources */ = {isa = PBXBuildFile; fileRef = C1AA8D922466B64000E9B7FC /* RankingsViewController.swift */; };
		C1AA8D992466B64000E9B7FC /* RankingsInteractor.swift in Sources */ = {isa = PBXBuildFile; fileRef = C1AA8D932466B64000E9B7FC /* RankingsInteractor.swift */; };
		C1AA8D9C2466B9FB00E9B7FC /* Endpoints.swift in Sources */ = {isa = PBXBuildFile; fileRef = C1AA8D9B2466B9FB00E9B7FC /* Endpoints.swift */; };
		C1AA8D9F2466C42600E9B7FC /* RemoteRepository.swift in Sources */ = {isa = PBXBuildFile; fileRef = C1AA8D9E2466C42600E9B7FC /* RemoteRepository.swift */; };
		C1AA8DA12466C43000E9B7FC /* LocalRepository.swift in Sources */ = {isa = PBXBuildFile; fileRef = C1AA8DA02466C43000E9B7FC /* LocalRepository.swift */; };
		C1AA8DA32466D79D00E9B7FC /* SearchCharactersViewController.xib in Resources */ = {isa = PBXBuildFile; fileRef = C1AA8DA22466D79D00E9B7FC /* SearchCharactersViewController.xib */; };
		C1AA8DA72466D9EC00E9B7FC /* MainNavBar.swift in Sources */ = {isa = PBXBuildFile; fileRef = C1AA8DA62466D9EC00E9B7FC /* MainNavBar.swift */; };
		C1E94454246A7E450076261E /* CharacterTableViewCell.swift in Sources */ = {isa = PBXBuildFile; fileRef = C1E94452246A7E450076261E /* CharacterTableViewCell.swift */; };
		C1E94455246A7E450076261E /* CharacterTableViewCell.xib in Resources */ = {isa = PBXBuildFile; fileRef = C1E94453246A7E450076261E /* CharacterTableViewCell.xib */; };
		C1E94457246A841C0076261E /* TableViewExtension.swift in Sources */ = {isa = PBXBuildFile; fileRef = C1E94456246A841C0076261E /* TableViewExtension.swift */; };
		C1E94459246A843A0076261E /* NibExtension.swift in Sources */ = {isa = PBXBuildFile; fileRef = C1E94458246A843A0076261E /* NibExtension.swift */; };
		C1E945EC246A8B900076261E /* ResusableView.swift in Sources */ = {isa = PBXBuildFile; fileRef = C1E945EB246A8B900076261E /* ResusableView.swift */; };
		C1E946A3246AD8480076261E /* UIImageView+Kingfisher.swift in Sources */ = {isa = PBXBuildFile; fileRef = C1E946A2246AD8480076261E /* UIImageView+Kingfisher.swift */; };
		C1E946A5246ADA790076261E /* UIFontStyleExtension.swift in Sources */ = {isa = PBXBuildFile; fileRef = C1E946A4246ADA790076261E /* UIFontStyleExtension.swift */; };
		C1E946A7246ADC200076261E /* UIColorStyleExtension.swift in Sources */ = {isa = PBXBuildFile; fileRef = C1E946A6246ADC200076261E /* UIColorStyleExtension.swift */; };
		C1E9483C246AF2FC0076261E /* CharacterDetailViewController.swift in Sources */ = {isa = PBXBuildFile; fileRef = C1E9483A246AF2FC0076261E /* CharacterDetailViewController.swift */; };
		C1E9483D246AF2FC0076261E /* CharacterDetailViewController.xib in Resources */ = {isa = PBXBuildFile; fileRef = C1E9483B246AF2FC0076261E /* CharacterDetailViewController.xib */; };
		C1E94848246B038B0076261E /* BattleArenaViewController.xib in Resources */ = {isa = PBXBuildFile; fileRef = C1E94847246B038B0076261E /* BattleArenaViewController.xib */; };
		C1E9484D246B07F40076261E /* DashedLine.swift in Sources */ = {isa = PBXBuildFile; fileRef = C1E9484C246B07F40076261E /* DashedLine.swift */; };
		C1E9484F246B0DBA0076261E /* UIImageViewExtension.swift in Sources */ = {isa = PBXBuildFile; fileRef = C1E9484E246B0DBA0076261E /* UIImageViewExtension.swift */; };
/* End PBXBuildFile section */

/* Begin PBXFileReference section */
		6E0FDD6B1A4780336B9CEC88 /* Pods_BQMarvelBattle.framework */ = {isa = PBXFileReference; explicitFileType = wrapper.framework; includeInIndex = 0; path = Pods_BQMarvelBattle.framework; sourceTree = BUILT_PRODUCTS_DIR; };
		B232D2801F411E25AA4DB44D /* Pods-BQMarvelBattle.release.xcconfig */ = {isa = PBXFileReference; includeInIndex = 1; lastKnownFileType = text.xcconfig; name = "Pods-BQMarvelBattle.release.xcconfig"; path = "Target Support Files/Pods-BQMarvelBattle/Pods-BQMarvelBattle.release.xcconfig"; sourceTree = "<group>"; };
		C10D2796246811910016BDC2 /* Character.swift */ = {isa = PBXFileReference; lastKnownFileType = sourcecode.swift; path = Character.swift; sourceTree = "<group>"; };
		C10D2799246814910016BDC2 /* StackViewExtension.swift */ = {isa = PBXFileReference; lastKnownFileType = sourcecode.swift; path = StackViewExtension.swift; sourceTree = "<group>"; };
		C10D279D2468211C0016BDC2 /* Constants.swift */ = {isa = PBXFileReference; lastKnownFileType = sourcecode.swift; path = Constants.swift; sourceTree = "<group>"; };
		C14694F5246BCD9B00602E03 /* ReadyToBattlePopUpView.swift */ = {isa = PBXFileReference; lastKnownFileType = sourcecode.swift; path = ReadyToBattlePopUpView.swift; sourceTree = "<group>"; };
		C14694F6246BCD9B00602E03 /* ReadyToBattlePopUpView.xib */ = {isa = PBXFileReference; lastKnownFileType = file.xib; path = ReadyToBattlePopUpView.xib; sourceTree = "<group>"; };
		C1469688246C1EA300602E03 /* RoundedButton.swift */ = {isa = PBXFileReference; lastKnownFileType = sourcecode.swift; path = RoundedButton.swift; sourceTree = "<group>"; };
		C146968A246C3F7C00602E03 /* SearchCharacteresViewController+Delegates.swift */ = {isa = PBXFileReference; lastKnownFileType = sourcecode.swift; path = "SearchCharacteresViewController+Delegates.swift"; sourceTree = "<group>"; };
		C146968C246C609E00602E03 /* BattleArenaViewConroller+Delegates.swift */ = {isa = PBXFileReference; lastKnownFileType = sourcecode.swift; path = "BattleArenaViewConroller+Delegates.swift"; sourceTree = "<group>"; };
		C179CFC82465DCBB00B6AE62 /* BQMarvelBattle.app */ = {isa = PBXFileReference; explicitFileType = wrapper.application; includeInIndex = 0; path = BQMarvelBattle.app; sourceTree = BUILT_PRODUCTS_DIR; };
		C179CFCB2465DCBB00B6AE62 /* AppDelegate.swift */ = {isa = PBXFileReference; lastKnownFileType = sourcecode.swift; path = AppDelegate.swift; sourceTree = "<group>"; };
		C179CFCD2465DCBB00B6AE62 /* SceneDelegate.swift */ = {isa = PBXFileReference; lastKnownFileType = sourcecode.swift; path = SceneDelegate.swift; sourceTree = "<group>"; };
		C179CFCF2465DCBB00B6AE62 /* ViewController.swift */ = {isa = PBXFileReference; lastKnownFileType = sourcecode.swift; path = ViewController.swift; sourceTree = "<group>"; };
		C179CFD42465DCBC00B6AE62 /* Assets.xcassets */ = {isa = PBXFileReference; lastKnownFileType = folder.assetcatalog; path = Assets.xcassets; sourceTree = "<group>"; };
		C179CFD72465DCBC00B6AE62 /* Base */ = {isa = PBXFileReference; lastKnownFileType = file.storyboard; name = Base; path = Base.lproj/LaunchScreen.storyboard; sourceTree = "<group>"; };
		C179CFD92465DCBC00B6AE62 /* Info.plist */ = {isa = PBXFileReference; lastKnownFileType = text.plist.xml; path = Info.plist; sourceTree = "<group>"; };
		C17F5A582469B52500049729 /* DictionaryExtension.swift */ = {isa = PBXFileReference; lastKnownFileType = sourcecode.swift; path = DictionaryExtension.swift; sourceTree = "<group>"; };
		C17F5A5B2469B5E700049729 /* ItemsTableViewDatasource.swift */ = {isa = PBXFileReference; lastKnownFileType = sourcecode.swift; path = ItemsTableViewDatasource.swift; sourceTree = "<group>"; };
		C17F5A5E2469B6A100049729 /* SearchCharacterDatasource.swift */ = {isa = PBXFileReference; lastKnownFileType = sourcecode.swift; path = SearchCharacterDatasource.swift; sourceTree = "<group>"; };
		C1AA8D742466B4EE00E9B7FC /* BattleArenaPresenter.swift */ = {isa = PBXFileReference; lastKnownFileType = sourcecode.swift; path = BattleArenaPresenter.swift; sourceTree = "<group>"; };
		C1AA8D762466B4EE00E9B7FC /* BattleArenaRouter.swift */ = {isa = PBXFileReference; lastKnownFileType = sourcecode.swift; path = BattleArenaRouter.swift; sourceTree = "<group>"; };
		C1AA8D772466B4EE00E9B7FC /* BattleArenaModels.swift */ = {isa = PBXFileReference; lastKnownFileType = sourcecode.swift; path = BattleArenaModels.swift; sourceTree = "<group>"; };
		C1AA8D782466B4EE00E9B7FC /* BattleArenaViewController.swift */ = {isa = PBXFileReference; lastKnownFileType = sourcecode.swift; path = BattleArenaViewController.swift; sourceTree = "<group>"; };
		C1AA8D792466B4EE00E9B7FC /* BattleArenaInteractor.swift */ = {isa = PBXFileReference; lastKnownFileType = sourcecode.swift; path = BattleArenaInteractor.swift; sourceTree = "<group>"; };
		C1AA8D812466B5F400E9B7FC /* SearchCharactersPresenter.swift */ = {isa = PBXFileReference; lastKnownFileType = sourcecode.swift; path = SearchCharactersPresenter.swift; sourceTree = "<group>"; };
		C1AA8D832466B5F400E9B7FC /* SearchCharactersRouter.swift */ = {isa = PBXFileReference; lastKnownFileType = sourcecode.swift; path = SearchCharactersRouter.swift; sourceTree = "<group>"; };
		C1AA8D842466B5F400E9B7FC /* SearchCharactersModels.swift */ = {isa = PBXFileReference; lastKnownFileType = sourcecode.swift; path = SearchCharactersModels.swift; sourceTree = "<group>"; };
		C1AA8D852466B5F400E9B7FC /* SearchCharactersViewController.swift */ = {isa = PBXFileReference; lastKnownFileType = sourcecode.swift; path = SearchCharactersViewController.swift; sourceTree = "<group>"; };
		C1AA8D862466B5F400E9B7FC /* SearchCharactersInteractor.swift */ = {isa = PBXFileReference; lastKnownFileType = sourcecode.swift; path = SearchCharactersInteractor.swift; sourceTree = "<group>"; };
		C1AA8D8E2466B64000E9B7FC /* RankingsPresenter.swift */ = {isa = PBXFileReference; lastKnownFileType = sourcecode.swift; path = RankingsPresenter.swift; sourceTree = "<group>"; };
		C1AA8D8F2466B64000E9B7FC /* RankingsWorker.swift */ = {isa = PBXFileReference; lastKnownFileType = sourcecode.swift; path = RankingsWorker.swift; sourceTree = "<group>"; };
		C1AA8D902466B64000E9B7FC /* RankingsRouter.swift */ = {isa = PBXFileReference; lastKnownFileType = sourcecode.swift; path = RankingsRouter.swift; sourceTree = "<group>"; };
		C1AA8D912466B64000E9B7FC /* RankingsModels.swift */ = {isa = PBXFileReference; lastKnownFileType = sourcecode.swift; path = RankingsModels.swift; sourceTree = "<group>"; };
		C1AA8D922466B64000E9B7FC /* RankingsViewController.swift */ = {isa = PBXFileReference; lastKnownFileType = sourcecode.swift; path = RankingsViewController.swift; sourceTree = "<group>"; };
		C1AA8D932466B64000E9B7FC /* RankingsInteractor.swift */ = {isa = PBXFileReference; lastKnownFileType = sourcecode.swift; path = RankingsInteractor.swift; sourceTree = "<group>"; };
		C1AA8D9B2466B9FB00E9B7FC /* Endpoints.swift */ = {isa = PBXFileReference; lastKnownFileType = sourcecode.swift; path = Endpoints.swift; sourceTree = "<group>"; };
		C1AA8D9E2466C42600E9B7FC /* RemoteRepository.swift */ = {isa = PBXFileReference; lastKnownFileType = sourcecode.swift; path = RemoteRepository.swift; sourceTree = "<group>"; };
		C1AA8DA02466C43000E9B7FC /* LocalRepository.swift */ = {isa = PBXFileReference; lastKnownFileType = sourcecode.swift; path = LocalRepository.swift; sourceTree = "<group>"; };
		C1AA8DA22466D79D00E9B7FC /* SearchCharactersViewController.xib */ = {isa = PBXFileReference; lastKnownFileType = file.xib; path = SearchCharactersViewController.xib; sourceTree = "<group>"; };
		C1AA8DA62466D9EC00E9B7FC /* MainNavBar.swift */ = {isa = PBXFileReference; lastKnownFileType = sourcecode.swift; path = MainNavBar.swift; sourceTree = "<group>"; };
		C1E94452246A7E450076261E /* CharacterTableViewCell.swift */ = {isa = PBXFileReference; lastKnownFileType = sourcecode.swift; path = CharacterTableViewCell.swift; sourceTree = "<group>"; };
		C1E94453246A7E450076261E /* CharacterTableViewCell.xib */ = {isa = PBXFileReference; lastKnownFileType = file.xib; path = CharacterTableViewCell.xib; sourceTree = "<group>"; };
		C1E94456246A841C0076261E /* TableViewExtension.swift */ = {isa = PBXFileReference; lastKnownFileType = sourcecode.swift; path = TableViewExtension.swift; sourceTree = "<group>"; };
		C1E94458246A843A0076261E /* NibExtension.swift */ = {isa = PBXFileReference; lastKnownFileType = sourcecode.swift; path = NibExtension.swift; sourceTree = "<group>"; };
		C1E945EB246A8B900076261E /* ResusableView.swift */ = {isa = PBXFileReference; lastKnownFileType = sourcecode.swift; path = ResusableView.swift; sourceTree = "<group>"; };
		C1E946A2246AD8480076261E /* UIImageView+Kingfisher.swift */ = {isa = PBXFileReference; lastKnownFileType = sourcecode.swift; path = "UIImageView+Kingfisher.swift"; sourceTree = "<group>"; };
		C1E946A4246ADA790076261E /* UIFontStyleExtension.swift */ = {isa = PBXFileReference; lastKnownFileType = sourcecode.swift; path = UIFontStyleExtension.swift; sourceTree = "<group>"; };
		C1E946A6246ADC200076261E /* UIColorStyleExtension.swift */ = {isa = PBXFileReference; lastKnownFileType = sourcecode.swift; path = UIColorStyleExtension.swift; sourceTree = "<group>"; };
		C1E9483A246AF2FC0076261E /* CharacterDetailViewController.swift */ = {isa = PBXFileReference; lastKnownFileType = sourcecode.swift; path = CharacterDetailViewController.swift; sourceTree = "<group>"; };
		C1E9483B246AF2FC0076261E /* CharacterDetailViewController.xib */ = {isa = PBXFileReference; lastKnownFileType = file.xib; path = CharacterDetailViewController.xib; sourceTree = "<group>"; };
		C1E94847246B038B0076261E /* BattleArenaViewController.xib */ = {isa = PBXFileReference; lastKnownFileType = file.xib; path = BattleArenaViewController.xib; sourceTree = "<group>"; };
		C1E9484C246B07F40076261E /* DashedLine.swift */ = {isa = PBXFileReference; lastKnownFileType = sourcecode.swift; path = DashedLine.swift; sourceTree = "<group>"; };
		C1E9484E246B0DBA0076261E /* UIImageViewExtension.swift */ = {isa = PBXFileReference; lastKnownFileType = sourcecode.swift; path = UIImageViewExtension.swift; sourceTree = "<group>"; };
		CA1B5928B0D3846BF298C089 /* Pods-BQMarvelBattle.debug.xcconfig */ = {isa = PBXFileReference; includeInIndex = 1; lastKnownFileType = text.xcconfig; name = "Pods-BQMarvelBattle.debug.xcconfig"; path = "Target Support Files/Pods-BQMarvelBattle/Pods-BQMarvelBattle.debug.xcconfig"; sourceTree = "<group>"; };
/* End PBXFileReference section */

/* Begin PBXFrameworksBuildPhase section */
		C179CFC52465DCBB00B6AE62 /* Frameworks */ = {
			isa = PBXFrameworksBuildPhase;
			buildActionMask = 2147483647;
			files = (
				7BB926EDFABD6B0F16ECA3C2 /* Pods_BQMarvelBattle.framework in Frameworks */,
			);
			runOnlyForDeploymentPostprocessing = 0;
		};
/* End PBXFrameworksBuildPhase section */

/* Begin PBXGroup section */
		4E4EE9CF722CB0B869BE17E9 /* Frameworks */ = {
			isa = PBXGroup;
			children = (
				6E0FDD6B1A4780336B9CEC88 /* Pods_BQMarvelBattle.framework */,
			);
			name = Frameworks;
			sourceTree = "<group>";
		};
		C10D278D24680C460016BDC2 /* View */ = {
			isa = PBXGroup;
			children = (
				C1E9483E246B02050076261E /* SearchCharacter */,
				C1E94839246AF2E60076261E /* CharacterDetail */,
				C17F5A5D2469B68A00049729 /* DataSources */,
				C10D278E24680C5E0016BDC2 /* Cells */,
			);
			path = View;
			sourceTree = "<group>";
		};
		C10D278E24680C5E0016BDC2 /* Cells */ = {
			isa = PBXGroup;
			children = (
				C1E94452246A7E450076261E /* CharacterTableViewCell.swift */,
				C1E94453246A7E450076261E /* CharacterTableViewCell.xib */,
			);
			path = Cells;
			sourceTree = "<group>";
		};
		C10D2795246811810016BDC2 /* Models */ = {
			isa = PBXGroup;
			children = (
				C1AA8D842466B5F400E9B7FC /* SearchCharactersModels.swift */,
				C10D2796246811910016BDC2 /* Character.swift */,
			);
			path = Models;
			sourceTree = "<group>";
		};
		C10D27982468147C0016BDC2 /* Extensions */ = {
			isa = PBXGroup;
			children = (
				C10D2799246814910016BDC2 /* StackViewExtension.swift */,
				C17F5A582469B52500049729 /* DictionaryExtension.swift */,
				C1E94456246A841C0076261E /* TableViewExtension.swift */,
				C1E94458246A843A0076261E /* NibExtension.swift */,
				C1E946A2246AD8480076261E /* UIImageView+Kingfisher.swift */,
				C1E9484E246B0DBA0076261E /* UIImageViewExtension.swift */,
			);
			path = Extensions;
			sourceTree = "<group>";
		};
		C1469687246C1E9100602E03 /* CustomButtons */ = {
			isa = PBXGroup;
			children = (
				C1469688246C1EA300602E03 /* RoundedButton.swift */,
			);
			path = CustomButtons;
			sourceTree = "<group>";
		};
		C179CFBF2465DCBB00B6AE62 = {
			isa = PBXGroup;
			children = (
				C179CFCA2465DCBB00B6AE62 /* BQMarvelBattle */,
				C179CFC92465DCBB00B6AE62 /* Products */,
				DF2F6F5BF94B7365DD7A3C4A /* Pods */,
				4E4EE9CF722CB0B869BE17E9 /* Frameworks */,
			);
			sourceTree = "<group>";
		};
		C179CFC92465DCBB00B6AE62 /* Products */ = {
			isa = PBXGroup;
			children = (
				C179CFC82465DCBB00B6AE62 /* BQMarvelBattle.app */,
			);
			name = Products;
			sourceTree = "<group>";
		};
		C179CFCA2465DCBB00B6AE62 /* BQMarvelBattle */ = {
			isa = PBXGroup;
			children = (
				C1AA8DA42466D9DA00E9B7FC /* Common */,
				C1AA8D9A2466B9C500E9B7FC /* Networking */,
				C1AA8D612466A7D400E9B7FC /* Scenes */,
				C179CFCB2465DCBB00B6AE62 /* AppDelegate.swift */,
				C179CFCD2465DCBB00B6AE62 /* SceneDelegate.swift */,
				C179CFCF2465DCBB00B6AE62 /* ViewController.swift */,
				C179CFD42465DCBC00B6AE62 /* Assets.xcassets */,
				C179CFD62465DCBC00B6AE62 /* LaunchScreen.storyboard */,
				C179CFD92465DCBC00B6AE62 /* Info.plist */,
			);
			path = BQMarvelBattle;
			sourceTree = "<group>";
		};
		C17F5A5A2469B5CC00049729 /* DataSources */ = {
			isa = PBXGroup;
			children = (
				C17F5A5B2469B5E700049729 /* ItemsTableViewDatasource.swift */,
			);
			path = DataSources;
			sourceTree = "<group>";
		};
		C17F5A5D2469B68A00049729 /* DataSources */ = {
			isa = PBXGroup;
			children = (
				C17F5A5E2469B6A100049729 /* SearchCharacterDatasource.swift */,
			);
			path = DataSources;
			sourceTree = "<group>";
		};
		C17F5A602469B76800049729 /* Reusable */ = {
			isa = PBXGroup;
			children = (
				C1E945EB246A8B900076261E /* ResusableView.swift */,
			);
			path = Reusable;
			sourceTree = "<group>";
		};
		C1AA8D612466A7D400E9B7FC /* Scenes */ = {
			isa = PBXGroup;
			children = (
				C1AA8D8D2466B62900E9B7FC /* Rankings */,
				C1AA8D802466B5DC00E9B7FC /* Search */,
				C1AA8D732466B4C800E9B7FC /* Battle */,
			);
			path = Scenes;
			sourceTree = "<group>";
		};
		C1AA8D732466B4C800E9B7FC /* Battle */ = {
			isa = PBXGroup;
			children = (
				C1E94846246B02AC0076261E /* Models */,
				C1E94845246B02A70076261E /* Interactor */,
				C1E94844246B02A20076261E /* Router */,
				C1E94843246B029D0076261E /* Presenter */,
				C1E94842246B02980076261E /* View */,
			);
			path = Battle;
			sourceTree = "<group>";
		};
		C1AA8D802466B5DC00E9B7FC /* Search */ = {
			isa = PBXGroup;
			children = (
				C10D2795246811810016BDC2 /* Models */,
				C1E94841246B02360076261E /* Interactor */,
				C1E94840246B022B0076261E /* Router */,
				C1E9483F246B021E0076261E /* Presenter */,
				C10D278D24680C460016BDC2 /* View */,
			);
			path = Search;
			sourceTree = "<group>";
		};
		C1AA8D8D2466B62900E9B7FC /* Rankings */ = {
			isa = PBXGroup;
			children = (
				C1AA8D8E2466B64000E9B7FC /* RankingsPresenter.swift */,
				C1AA8D8F2466B64000E9B7FC /* RankingsWorker.swift */,
				C1AA8D902466B64000E9B7FC /* RankingsRouter.swift */,
				C1AA8D912466B64000E9B7FC /* RankingsModels.swift */,
				C1AA8D922466B64000E9B7FC /* RankingsViewController.swift */,
				C1AA8D932466B64000E9B7FC /* RankingsInteractor.swift */,
			);
			path = Rankings;
			sourceTree = "<group>";
		};
		C1AA8D9A2466B9C500E9B7FC /* Networking */ = {
			isa = PBXGroup;
			children = (
				C1AA8D9D2466C41200E9B7FC /* Repositories */,
				C1AA8D9B2466B9FB00E9B7FC /* Endpoints.swift */,
			);
			path = Networking;
			sourceTree = "<group>";
		};
		C1AA8D9D2466C41200E9B7FC /* Repositories */ = {
			isa = PBXGroup;
			children = (
				C1AA8D9E2466C42600E9B7FC /* RemoteRepository.swift */,
				C1AA8DA02466C43000E9B7FC /* LocalRepository.swift */,
			);
			path = Repositories;
			sourceTree = "<group>";
		};
		C1AA8DA42466D9DA00E9B7FC /* Common */ = {
			isa = PBXGroup;
			children = (
				C1E945ED246A8E9D0076261E /* Style */,
				C17F5A602469B76800049729 /* Reusable */,
				C17F5A5A2469B5CC00049729 /* DataSources */,
				C10D27982468147C0016BDC2 /* Extensions */,
				C1AA8DA52466D9DF00E9B7FC /* NavBar */,
				C10D279D2468211C0016BDC2 /* Constants.swift */,
			);
			path = Common;
			sourceTree = "<group>";
		};
		C1AA8DA52466D9DF00E9B7FC /* NavBar */ = {
			isa = PBXGroup;
			children = (
				C1AA8DA62466D9EC00E9B7FC /* MainNavBar.swift */,
			);
			path = NavBar;
			sourceTree = "<group>";
		};
		C1E945ED246A8E9D0076261E /* Style */ = {
			isa = PBXGroup;
			children = (
				C1469687246C1E9100602E03 /* CustomButtons */,
				C1E9484B246B07E00076261E /* DashedLine */,
				C1E946A4246ADA790076261E /* UIFontStyleExtension.swift */,
				C1E946A6246ADC200076261E /* UIColorStyleExtension.swift */,
			);
			path = Style;
			sourceTree = "<group>";
		};
		C1E94839246AF2E60076261E /* CharacterDetail */ = {
			isa = PBXGroup;
			children = (
				C1E9483A246AF2FC0076261E /* CharacterDetailViewController.swift */,
				C1E9483B246AF2FC0076261E /* CharacterDetailViewController.xib */,
			);
			path = CharacterDetail;
			sourceTree = "<group>";
		};
		C1E9483E246B02050076261E /* SearchCharacter */ = {
			isa = PBXGroup;
			children = (
				C1AA8D852466B5F400E9B7FC /* SearchCharactersViewController.swift */,
				C1AA8DA22466D79D00E9B7FC /* SearchCharactersViewController.xib */,
				C146968A246C3F7C00602E03 /* SearchCharacteresViewController+Delegates.swift */,
			);
			path = SearchCharacter;
			sourceTree = "<group>";
		};
		C1E9483F246B021E0076261E /* Presenter */ = {
			isa = PBXGroup;
			children = (
				C1AA8D812466B5F400E9B7FC /* SearchCharactersPresenter.swift */,
			);
			path = Presenter;
			sourceTree = "<group>";
		};
		C1E94840246B022B0076261E /* Router */ = {
			isa = PBXGroup;
			children = (
				C1AA8D832466B5F400E9B7FC /* SearchCharactersRouter.swift */,
			);
			path = Router;
			sourceTree = "<group>";
		};
		C1E94841246B02360076261E /* Interactor */ = {
			isa = PBXGroup;
			children = (
				C1AA8D862466B5F400E9B7FC /* SearchCharactersInteractor.swift */,
			);
			path = Interactor;
			sourceTree = "<group>";
		};
		C1E94842246B02980076261E /* View */ = {
			isa = PBXGroup;
			children = (
				C1AA8D782466B4EE00E9B7FC /* BattleArenaViewController.swift */,
				C1E94847246B038B0076261E /* BattleArenaViewController.xib */,
				C14694F5246BCD9B00602E03 /* ReadyToBattlePopUpView.swift */,
				C14694F6246BCD9B00602E03 /* ReadyToBattlePopUpView.xib */,
				C146968C246C609E00602E03 /* BattleArenaViewConroller+Delegates.swift */,
			);
			path = View;
			sourceTree = "<group>";
		};
		C1E94843246B029D0076261E /* Presenter */ = {
			isa = PBXGroup;
			children = (
				C1AA8D742466B4EE00E9B7FC /* BattleArenaPresenter.swift */,
			);
			path = Presenter;
			sourceTree = "<group>";
		};
		C1E94844246B02A20076261E /* Router */ = {
			isa = PBXGroup;
			children = (
				C1AA8D762466B4EE00E9B7FC /* BattleArenaRouter.swift */,
			);
			path = Router;
			sourceTree = "<group>";
		};
		C1E94845246B02A70076261E /* Interactor */ = {
			isa = PBXGroup;
			children = (
				C1AA8D792466B4EE00E9B7FC /* BattleArenaInteractor.swift */,
			);
			path = Interactor;
			sourceTree = "<group>";
		};
		C1E94846246B02AC0076261E /* Models */ = {
			isa = PBXGroup;
			children = (
				C1AA8D772466B4EE00E9B7FC /* BattleArenaModels.swift */,
			);
			path = Models;
			sourceTree = "<group>";
		};
		C1E9484B246B07E00076261E /* DashedLine */ = {
			isa = PBXGroup;
			children = (
				C1E9484C246B07F40076261E /* DashedLine.swift */,
			);
			path = DashedLine;
			sourceTree = "<group>";
		};
		DF2F6F5BF94B7365DD7A3C4A /* Pods */ = {
			isa = PBXGroup;
			children = (
				CA1B5928B0D3846BF298C089 /* Pods-BQMarvelBattle.debug.xcconfig */,
				B232D2801F411E25AA4DB44D /* Pods-BQMarvelBattle.release.xcconfig */,
			);
			path = Pods;
			sourceTree = "<group>";
		};
/* End PBXGroup section */

/* Begin PBXNativeTarget section */
		C179CFC72465DCBB00B6AE62 /* BQMarvelBattle */ = {
			isa = PBXNativeTarget;
			buildConfigurationList = C179CFDC2465DCBC00B6AE62 /* Build configuration list for PBXNativeTarget "BQMarvelBattle" */;
			buildPhases = (
				BC2FE6057D5F12A399E58156 /* [CP] Check Pods Manifest.lock */,
				C179CFC42465DCBB00B6AE62 /* Sources */,
				C179CFC52465DCBB00B6AE62 /* Frameworks */,
				C179CFC62465DCBB00B6AE62 /* Resources */,
				06C32764A90EF485934D2446 /* [CP] Embed Pods Frameworks */,
			);
			buildRules = (
			);
			dependencies = (
			);
			name = BQMarvelBattle;
			productName = BQMarvelBattle;
			productReference = C179CFC82465DCBB00B6AE62 /* BQMarvelBattle.app */;
			productType = "com.apple.product-type.application";
		};
/* End PBXNativeTarget section */

/* Begin PBXProject section */
		C179CFC02465DCBB00B6AE62 /* Project object */ = {
			isa = PBXProject;
			attributes = {
				LastSwiftUpdateCheck = 1130;
				LastUpgradeCheck = 1130;
				ORGANIZATIONNAME = "Tarsha de Souza";
				TargetAttributes = {
					C179CFC72465DCBB00B6AE62 = {
						CreatedOnToolsVersion = 11.3;
					};
				};
			};
			buildConfigurationList = C179CFC32465DCBB00B6AE62 /* Build configuration list for PBXProject "BQMarvelBattle" */;
			compatibilityVersion = "Xcode 9.3";
			developmentRegion = en;
			hasScannedForEncodings = 0;
			knownRegions = (
				en,
				Base,
			);
			mainGroup = C179CFBF2465DCBB00B6AE62;
			productRefGroup = C179CFC92465DCBB00B6AE62 /* Products */;
			projectDirPath = "";
			projectRoot = "";
			targets = (
				C179CFC72465DCBB00B6AE62 /* BQMarvelBattle */,
			);
		};
/* End PBXProject section */

/* Begin PBXResourcesBuildPhase section */
		C179CFC62465DCBB00B6AE62 /* Resources */ = {
			isa = PBXResourcesBuildPhase;
			buildActionMask = 2147483647;
			files = (
				C1AA8DA32466D79D00E9B7FC /* SearchCharactersViewController.xib in Resources */,
				C179CFD82465DCBC00B6AE62 /* LaunchScreen.storyboard in Resources */,
				C179CFD52465DCBC00B6AE62 /* Assets.xcassets in Resources */,
				C1E9483D246AF2FC0076261E /* CharacterDetailViewController.xib in Resources */,
				C1E94848246B038B0076261E /* BattleArenaViewController.xib in Resources */,
				C1E94455246A7E450076261E /* CharacterTableViewCell.xib in Resources */,
				C14694F8246BCD9B00602E03 /* ReadyToBattlePopUpView.xib in Resources */,
			);
			runOnlyForDeploymentPostprocessing = 0;
		};
/* End PBXResourcesBuildPhase section */

/* Begin PBXShellScriptBuildPhase section */
		06C32764A90EF485934D2446 /* [CP] Embed Pods Frameworks */ = {
			isa = PBXShellScriptBuildPhase;
			buildActionMask = 2147483647;
			files = (
			);
			inputFileListPaths = (
				"${PODS_ROOT}/Target Support Files/Pods-BQMarvelBattle/Pods-BQMarvelBattle-frameworks-${CONFIGURATION}-input-files.xcfilelist",
			);
			name = "[CP] Embed Pods Frameworks";
			outputFileListPaths = (
				"${PODS_ROOT}/Target Support Files/Pods-BQMarvelBattle/Pods-BQMarvelBattle-frameworks-${CONFIGURATION}-output-files.xcfilelist",
			);
			runOnlyForDeploymentPostprocessing = 0;
			shellPath = /bin/sh;
			shellScript = "\"${PODS_ROOT}/Target Support Files/Pods-BQMarvelBattle/Pods-BQMarvelBattle-frameworks.sh\"\n";
			showEnvVarsInLog = 0;
		};
		BC2FE6057D5F12A399E58156 /* [CP] Check Pods Manifest.lock */ = {
			isa = PBXShellScriptBuildPhase;
			buildActionMask = 2147483647;
			files = (
			);
			inputFileListPaths = (
			);
			inputPaths = (
				"${PODS_PODFILE_DIR_PATH}/Podfile.lock",
				"${PODS_ROOT}/Manifest.lock",
			);
			name = "[CP] Check Pods Manifest.lock";
			outputFileListPaths = (
			);
			outputPaths = (
				"$(DERIVED_FILE_DIR)/Pods-BQMarvelBattle-checkManifestLockResult.txt",
			);
			runOnlyForDeploymentPostprocessing = 0;
			shellPath = /bin/sh;
			shellScript = "diff \"${PODS_PODFILE_DIR_PATH}/Podfile.lock\" \"${PODS_ROOT}/Manifest.lock\" > /dev/null\nif [ $? != 0 ] ; then\n    # print error to STDERR\n    echo \"error: The sandbox is not in sync with the Podfile.lock. Run 'pod install' or update your CocoaPods installation.\" >&2\n    exit 1\nfi\n# This output is used by Xcode 'outputs' to avoid re-running this script phase.\necho \"SUCCESS\" > \"${SCRIPT_OUTPUT_FILE_0}\"\n";
			showEnvVarsInLog = 0;
		};
/* End PBXShellScriptBuildPhase section */

/* Begin PBXSourcesBuildPhase section */
		C179CFC42465DCBB00B6AE62 /* Sources */ = {
			isa = PBXSourcesBuildPhase;
			buildActionMask = 2147483647;
			files = (
				C1AA8D992466B64000E9B7FC /* RankingsInteractor.swift in Sources */,
				C1AA8D872466B5F400E9B7FC /* SearchCharactersPresenter.swift in Sources */,
				C1AA8D8A2466B5F400E9B7FC /* SearchCharactersModels.swift in Sources */,
				C1AA8D8B2466B5F400E9B7FC /* SearchCharactersViewController.swift in Sources */,
				C10D279E2468211D0016BDC2 /* Constants.swift in Sources */,
				C1E9483C246AF2FC0076261E /* CharacterDetailViewController.swift in Sources */,
				C1E94454246A7E450076261E /* CharacterTableViewCell.swift in Sources */,
				C1AA8D8C2466B5F400E9B7FC /* SearchCharactersInteractor.swift in Sources */,
				C1AA8D7D2466B4EE00E9B7FC /* BattleArenaModels.swift in Sources */,
				C1AA8D962466B64000E9B7FC /* RankingsRouter.swift in Sources */,
				C1E94459246A843A0076261E /* NibExtension.swift in Sources */,
				C1E9484F246B0DBA0076261E /* UIImageViewExtension.swift in Sources */,
				C17F5A5C2469B5E700049729 /* ItemsTableViewDatasource.swift in Sources */,
				C17F5A5F2469B6A100049729 /* SearchCharacterDatasource.swift in Sources */,
				C1AA8D892466B5F400E9B7FC /* SearchCharactersRouter.swift in Sources */,
				C146968D246C609E00602E03 /* BattleArenaViewConroller+Delegates.swift in Sources */,
				C1E9484D246B07F40076261E /* DashedLine.swift in Sources */,
				C1AA8D9F2466C42600E9B7FC /* RemoteRepository.swift in Sources */,
				C1E94457246A841C0076261E /* TableViewExtension.swift in Sources */,
				C1AA8D982466B64000E9B7FC /* RankingsViewController.swift in Sources */,
				C1AA8D7C2466B4EE00E9B7FC /* BattleArenaRouter.swift in Sources */,
				C1AA8D9C2466B9FB00E9B7FC /* Endpoints.swift in Sources */,
				C1E946A5246ADA790076261E /* UIFontStyleExtension.swift in Sources */,
				C1AA8D942466B64000E9B7FC /* RankingsPresenter.swift in Sources */,
				C10D279A246814910016BDC2 /* StackViewExtension.swift in Sources */,
				C1AA8D7A2466B4EE00E9B7FC /* BattleArenaPresenter.swift in Sources */,
				C1469689246C1EA300602E03 /* RoundedButton.swift in Sources */,
				C1AA8D952466B64000E9B7FC /* RankingsWorker.swift in Sources */,
				C1E945EC246A8B900076261E /* ResusableView.swift in Sources */,
				C1AA8D972466B64000E9B7FC /* RankingsModels.swift in Sources */,
				C1AA8D7F2466B4EE00E9B7FC /* BattleArenaInteractor.swift in Sources */,
				C1E946A3246AD8480076261E /* UIImageView+Kingfisher.swift in Sources */,
				C146968B246C3F7C00602E03 /* SearchCharacteresViewController+Delegates.swift in Sources */,
				C1AA8DA12466C43000E9B7FC /* LocalRepository.swift in Sources */,
				C179CFD02465DCBB00B6AE62 /* ViewController.swift in Sources */,
				C14694F7246BCD9B00602E03 /* ReadyToBattlePopUpView.swift in Sources */,
				C10D2797246811910016BDC2 /* Character.swift in Sources */,
				C1E946A7246ADC200076261E /* UIColorStyleExtension.swift in Sources */,
				C179CFCC2465DCBB00B6AE62 /* AppDelegate.swift in Sources */,
				C1AA8D7E2466B4EE00E9B7FC /* BattleArenaViewController.swift in Sources */,
				C17F5A592469B52500049729 /* DictionaryExtension.swift in Sources */,
				C1AA8DA72466D9EC00E9B7FC /* MainNavBar.swift in Sources */,
				C179CFCE2465DCBB00B6AE62 /* SceneDelegate.swift in Sources */,
			);
			runOnlyForDeploymentPostprocessing = 0;
		};
/* End PBXSourcesBuildPhase section */

/* Begin PBXVariantGroup section */
		C179CFD62465DCBC00B6AE62 /* LaunchScreen.storyboard */ = {
			isa = PBXVariantGroup;
			children = (
				C179CFD72465DCBC00B6AE62 /* Base */,
			);
			name = LaunchScreen.storyboard;
			sourceTree = "<group>";
		};
/* End PBXVariantGroup section */

/* Begin XCBuildConfiguration section */
		C179CFDA2465DCBC00B6AE62 /* Debug */ = {
			isa = XCBuildConfiguration;
			buildSettings = {
				ALWAYS_SEARCH_USER_PATHS = NO;
				CLANG_ANALYZER_NONNULL = YES;
				CLANG_ANALYZER_NUMBER_OBJECT_CONVERSION = YES_AGGRESSIVE;
				CLANG_CXX_LANGUAGE_STANDARD = "gnu++14";
				CLANG_CXX_LIBRARY = "libc++";
				CLANG_ENABLE_MODULES = YES;
				CLANG_ENABLE_OBJC_ARC = YES;
				CLANG_ENABLE_OBJC_WEAK = YES;
				CLANG_WARN_BLOCK_CAPTURE_AUTORELEASING = YES;
				CLANG_WARN_BOOL_CONVERSION = YES;
				CLANG_WARN_COMMA = YES;
				CLANG_WARN_CONSTANT_CONVERSION = YES;
				CLANG_WARN_DEPRECATED_OBJC_IMPLEMENTATIONS = YES;
				CLANG_WARN_DIRECT_OBJC_ISA_USAGE = YES_ERROR;
				CLANG_WARN_DOCUMENTATION_COMMENTS = YES;
				CLANG_WARN_EMPTY_BODY = YES;
				CLANG_WARN_ENUM_CONVERSION = YES;
				CLANG_WARN_INFINITE_RECURSION = YES;
				CLANG_WARN_INT_CONVERSION = YES;
				CLANG_WARN_NON_LITERAL_NULL_CONVERSION = YES;
				CLANG_WARN_OBJC_IMPLICIT_RETAIN_SELF = YES;
				CLANG_WARN_OBJC_LITERAL_CONVERSION = YES;
				CLANG_WARN_OBJC_ROOT_CLASS = YES_ERROR;
				CLANG_WARN_RANGE_LOOP_ANALYSIS = YES;
				CLANG_WARN_STRICT_PROTOTYPES = YES;
				CLANG_WARN_SUSPICIOUS_MOVE = YES;
				CLANG_WARN_UNGUARDED_AVAILABILITY = YES_AGGRESSIVE;
				CLANG_WARN_UNREACHABLE_CODE = YES;
				CLANG_WARN__DUPLICATE_METHOD_MATCH = YES;
				COPY_PHASE_STRIP = NO;
				DEBUG_INFORMATION_FORMAT = dwarf;
				ENABLE_STRICT_OBJC_MSGSEND = YES;
				ENABLE_TESTABILITY = YES;
				GCC_C_LANGUAGE_STANDARD = gnu11;
				GCC_DYNAMIC_NO_PIC = NO;
				GCC_NO_COMMON_BLOCKS = YES;
				GCC_OPTIMIZATION_LEVEL = 0;
				GCC_PREPROCESSOR_DEFINITIONS = (
					"DEBUG=1",
					"$(inherited)",
				);
				GCC_WARN_64_TO_32_BIT_CONVERSION = YES;
				GCC_WARN_ABOUT_RETURN_TYPE = YES_ERROR;
				GCC_WARN_UNDECLARED_SELECTOR = YES;
				GCC_WARN_UNINITIALIZED_AUTOS = YES_AGGRESSIVE;
				GCC_WARN_UNUSED_FUNCTION = YES;
				GCC_WARN_UNUSED_VARIABLE = YES;
				IPHONEOS_DEPLOYMENT_TARGET = 13.2;
				MTL_ENABLE_DEBUG_INFO = INCLUDE_SOURCE;
				MTL_FAST_MATH = YES;
				ONLY_ACTIVE_ARCH = YES;
				SDKROOT = iphoneos;
				SWIFT_ACTIVE_COMPILATION_CONDITIONS = DEBUG;
				SWIFT_OPTIMIZATION_LEVEL = "-Onone";
			};
			name = Debug;
		};
		C179CFDB2465DCBC00B6AE62 /* Release */ = {
			isa = XCBuildConfiguration;
			buildSettings = {
				ALWAYS_SEARCH_USER_PATHS = NO;
				CLANG_ANALYZER_NONNULL = YES;
				CLANG_ANALYZER_NUMBER_OBJECT_CONVERSION = YES_AGGRESSIVE;
				CLANG_CXX_LANGUAGE_STANDARD = "gnu++14";
				CLANG_CXX_LIBRARY = "libc++";
				CLANG_ENABLE_MODULES = YES;
				CLANG_ENABLE_OBJC_ARC = YES;
				CLANG_ENABLE_OBJC_WEAK = YES;
				CLANG_WARN_BLOCK_CAPTURE_AUTORELEASING = YES;
				CLANG_WARN_BOOL_CONVERSION = YES;
				CLANG_WARN_COMMA = YES;
				CLANG_WARN_CONSTANT_CONVERSION = YES;
				CLANG_WARN_DEPRECATED_OBJC_IMPLEMENTATIONS = YES;
				CLANG_WARN_DIRECT_OBJC_ISA_USAGE = YES_ERROR;
				CLANG_WARN_DOCUMENTATION_COMMENTS = YES;
				CLANG_WARN_EMPTY_BODY = YES;
				CLANG_WARN_ENUM_CONVERSION = YES;
				CLANG_WARN_INFINITE_RECURSION = YES;
				CLANG_WARN_INT_CONVERSION = YES;
				CLANG_WARN_NON_LITERAL_NULL_CONVERSION = YES;
				CLANG_WARN_OBJC_IMPLICIT_RETAIN_SELF = YES;
				CLANG_WARN_OBJC_LITERAL_CONVERSION = YES;
				CLANG_WARN_OBJC_ROOT_CLASS = YES_ERROR;
				CLANG_WARN_RANGE_LOOP_ANALYSIS = YES;
				CLANG_WARN_STRICT_PROTOTYPES = YES;
				CLANG_WARN_SUSPICIOUS_MOVE = YES;
				CLANG_WARN_UNGUARDED_AVAILABILITY = YES_AGGRESSIVE;
				CLANG_WARN_UNREACHABLE_CODE = YES;
				CLANG_WARN__DUPLICATE_METHOD_MATCH = YES;
				COPY_PHASE_STRIP = NO;
				DEBUG_INFORMATION_FORMAT = "dwarf-with-dsym";
				ENABLE_NS_ASSERTIONS = NO;
				ENABLE_STRICT_OBJC_MSGSEND = YES;
				GCC_C_LANGUAGE_STANDARD = gnu11;
				GCC_NO_COMMON_BLOCKS = YES;
				GCC_WARN_64_TO_32_BIT_CONVERSION = YES;
				GCC_WARN_ABOUT_RETURN_TYPE = YES_ERROR;
				GCC_WARN_UNDECLARED_SELECTOR = YES;
				GCC_WARN_UNINITIALIZED_AUTOS = YES_AGGRESSIVE;
				GCC_WARN_UNUSED_FUNCTION = YES;
				GCC_WARN_UNUSED_VARIABLE = YES;
				IPHONEOS_DEPLOYMENT_TARGET = 13.2;
				MTL_ENABLE_DEBUG_INFO = NO;
				MTL_FAST_MATH = YES;
				SDKROOT = iphoneos;
				SWIFT_COMPILATION_MODE = wholemodule;
				SWIFT_OPTIMIZATION_LEVEL = "-O";
				VALIDATE_PRODUCT = YES;
			};
			name = Release;
		};
		C179CFDD2465DCBC00B6AE62 /* Debug */ = {
			isa = XCBuildConfiguration;
			baseConfigurationReference = CA1B5928B0D3846BF298C089 /* Pods-BQMarvelBattle.debug.xcconfig */;
			buildSettings = {
				ASSETCATALOG_COMPILER_APPICON_NAME = AppIcon;
				CODE_SIGN_STYLE = Automatic;
				DEVELOPMENT_TEAM = 882HGE2Q5Y;
				INFOPLIST_FILE = BQMarvelBattle/Info.plist;
				LD_RUNPATH_SEARCH_PATHS = (
					"$(inherited)",
					"@executable_path/Frameworks",
				);
				PRODUCT_BUNDLE_IDENTIFIER = TarshaDesouza.BQMarvelBattle;
				PRODUCT_NAME = "$(TARGET_NAME)";
				SWIFT_VERSION = 5.0;
				TARGETED_DEVICE_FAMILY = "1,2";
			};
			name = Debug;
		};
		C179CFDE2465DCBC00B6AE62 /* Release */ = {
			isa = XCBuildConfiguration;
			baseConfigurationReference = B232D2801F411E25AA4DB44D /* Pods-BQMarvelBattle.release.xcconfig */;
			buildSettings = {
				ASSETCATALOG_COMPILER_APPICON_NAME = AppIcon;
				CODE_SIGN_STYLE = Automatic;
				DEVELOPMENT_TEAM = 882HGE2Q5Y;
				INFOPLIST_FILE = BQMarvelBattle/Info.plist;
				LD_RUNPATH_SEARCH_PATHS = (
					"$(inherited)",
					"@executable_path/Frameworks",
				);
				PRODUCT_BUNDLE_IDENTIFIER = TarshaDesouza.BQMarvelBattle;
				PRODUCT_NAME = "$(TARGET_NAME)";
				SWIFT_VERSION = 5.0;
				TARGETED_DEVICE_FAMILY = "1,2";
			};
			name = Release;
		};
/* End XCBuildConfiguration section */

/* Begin XCConfigurationList section */
		C179CFC32465DCBB00B6AE62 /* Build configuration list for PBXProject "BQMarvelBattle" */ = {
			isa = XCConfigurationList;
			buildConfigurations = (
				C179CFDA2465DCBC00B6AE62 /* Debug */,
				C179CFDB2465DCBC00B6AE62 /* Release */,
			);
			defaultConfigurationIsVisible = 0;
			defaultConfigurationName = Release;
		};
		C179CFDC2465DCBC00B6AE62 /* Build configuration list for PBXNativeTarget "BQMarvelBattle" */ = {
			isa = XCConfigurationList;
			buildConfigurations = (
				C179CFDD2465DCBC00B6AE62 /* Debug */,
				C179CFDE2465DCBC00B6AE62 /* Release */,
			);
			defaultConfigurationIsVisible = 0;
			defaultConfigurationName = Release;
		};
/* End XCConfigurationList section */
	};
	rootObject = C179CFC02465DCBB00B6AE62 /* Project object */;
}
